
Microsoft Visual Studio Solution File, Format Version 12.00
# Visual Studio Version 16
VisualStudioVersion = 16.0.30225.117
MinimumVisualStudioVersion = 15.0.26124.0
Project("{9A19103F-16F7-4668-BE54-9A1E7A4F7556}") = "SamuraiApp.Data", "SamuraiApp.Data\SamuraiApp.Data.csproj", "{418B08FC-A6BB-4192-BC75-A5B0015206FE}"
EndProject
Project("{9A19103F-16F7-4668-BE54-9A1E7A4F7556}") = "SamuraiApp.Domain", "SamuraiApp.Domain\SamuraiApp.Domain.csproj", "{9A08C7E3-2BC2-46EB-9BAA-80E135D58D31}"
EndProject
Project("{FAE04EC0-301F-11D3-BF4B-00C04F79EFBC}") = "ConsoleApp", "ConsoleApp\ConsoleApp.csproj", "{E97D9D27-9636-4843-959C-C33ECA205C61}"
EndProject
Global
	GlobalSection(SolutionConfigurationPlatforms) = preSolution
		Debug|Any CPU = Debug|Any CPU
		Debug|x64 = Debug|x64
		Debug|x86 = Debug|x86
		Release|Any CPU = Release|Any CPU
		Release|x64 = Release|x64
		Release|x86 = Release|x86
	EndGlobalSection
	GlobalSection(ProjectConfigurationPlatforms) = postSolution
		{418B08FC-A6BB-4192-BC75-A5B0015206FE}.Debug|Any CPU.ActiveCfg = Debug|Any CPU
		{418B08FC-A6BB-4192-BC75-A5B0015206FE}.Debug|Any CPU.Build.0 = Debug|Any CPU
		{418B08FC-A6BB-4192-BC75-A5B0015206FE}.Debug|x64.ActiveCfg = Debug|Any CPU
		{418B08FC-A6BB-4192-BC75-A5B0015206FE}.Debug|x64.Build.0 = Debug|Any CPU
		{418B08FC-A6BB-4192-BC75-A5B0015206FE}.Debug|x86.ActiveCfg = Debug|Any CPU
		{418B08FC-A6BB-4192-BC75-A5B0015206FE}.Debug|x86.Build.0 = Debug|Any CPU
		{418B08FC-A6BB-4192-BC75-A5B0015206FE}.Release|Any CPU.ActiveCfg = Release|Any CPU
		{418B08FC-A6BB-4192-BC75-A5B0015206FE}.Release|Any CPU.Build.0 = Release|Any CPU
		{418B08FC-A6BB-4192-BC75-A5B0015206FE}.Release|x64.ActiveCfg = Release|Any CPU
		{418B08FC-A6BB-4192-BC75-A5B0015206FE}.Release|x64.Build.0 = Release|Any CPU
		{418B08FC-A6BB-4192-BC75-A5B0015206FE}.Release|x86.ActiveCfg = Release|Any CPU
		{418B08FC-A6BB-4192-BC75-A5B0015206FE}.Release|x86.Build.0 = Release|Any CPU
		{9A08C7E3-2BC2-46EB-9BAA-80E135D58D31}.Debug|Any CPU.ActiveCfg = Debug|Any CPU
		{9A08C7E3-2BC2-46EB-9BAA-80E135D58D31}.Debug|Any CPU.Build.0 = Debug|Any CPU
		{9A08C7E3-2BC2-46EB-9BAA-80E135D58D31}.Debug|x64.ActiveCfg = Debug|Any CPU
		{9A08C7E3-2BC2-46EB-9BAA-80E135D58D31}.Debug|x64.Build.0 = Debug|Any CPU
		{9A08C7E3-2BC2-46EB-9BAA-80E135D58D31}.Debug|x86.ActiveCfg = Debug|Any CPU
		{9A08C7E3-2BC2-46EB-9BAA-80E135D58D31}.Debug|x86.Build.0 = Debug|Any CPU
		{9A08C7E3-2BC2-46EB-9BAA-80E135D58D31}.Release|Any CPU.ActiveCfg = Release|Any CPU
		{9A08C7E3-2BC2-46EB-9BAA-80E135D58D31}.Release|Any CPU.Build.0 = Release|Any CPU
		{9A08C7E3-2BC2-46EB-9BAA-80E135D58D31}.Release|x64.ActiveCfg = Release|Any CPU
		{9A08C7E3-2BC2-46EB-9BAA-80E135D58D31}.Release|x64.Build.0 = Release|Any CPU
		{9A08C7E3-2BC2-46EB-9BAA-80E135D58D31}.Release|x86.ActiveCfg = Release|Any CPU
		{9A08C7E3-2BC2-46EB-9BAA-80E135D58D31}.Release|x86.Build.0 = Release|Any CPU
		{E97D9D27-9636-4843-959C-C33ECA205C61}.Debug|Any CPU.ActiveCfg = Debug|Any CPU
		{E97D9D27-9636-4843-959C-C33ECA205C61}.Debug|Any CPU.Build.0 = Debug|Any CPU
		{E97D9D27-9636-4843-959C-C33ECA205C61}.Debug|x64.ActiveCfg = Debug|Any CPU
		{E97D9D27-9636-4843-959C-C33ECA205C61}.Debug|x64.Build.0 = Debug|Any CPU
		{E97D9D27-9636-4843-959C-C33ECA205C61}.Debug|x86.ActiveCfg = Debug|Any CPU
		{E97D9D27-9636-4843-959C-C33ECA205C61}.Debug|x86.Build.0 = Debug|Any CPU
		{E97D9D27-9636-4843-959C-C33ECA205C61}.Release|Any CPU.ActiveCfg = Release|Any CPU
		{E97D9D27-9636-4843-959C-C33ECA205C61}.Release|Any CPU.Build.0 = Release|Any CPU
		{E97D9D27-9636-4843-959C-C33ECA205C61}.Release|x64.ActiveCfg = Release|Any CPU
		{E97D9D27-9636-4843-959C-C33ECA205C61}.Release|x64.Build.0 = Release|Any CPU
		{E97D9D27-9636-4843-959C-C33ECA205C61}.Release|x86.ActiveCfg = Release|Any CPU
		{E97D9D27-9636-4843-959C-C33ECA205C61}.Release|x86.Build.0 = Release|Any CPU
	EndGlobalSection
	GlobalSection(SolutionProperties) = preSolution
		HideSolutionNode = FALSE
	EndGlobalSection
	GlobalSection(ExtensibilityGlobals) = postSolution
		SolutionGuid = {B0F480F1-FFB1-416F-81C0-3CA39DE954A3}
	EndGlobalSection
EndGlobal
