
Microsoft Visual Studio Solution File, Format Version 12.00
# Visual Studio Version 16
VisualStudioVersion = 16.0.30225.117
MinimumVisualStudioVersion = 10.0.40219.1
Project("{FAE04EC0-301F-11D3-BF4B-00C04F79EFBC}") = "BikeStoreConsole", "BikeStoreConsole\BikeStoreConsole.csproj", "{0058E4C4-7030-4375-B231-706475979DF9}"
EndProject
Project("{FAE04EC0-301F-11D3-BF4B-00C04F79EFBC}") = "BikeStoresData", "BikeStoresData\BikeStoresData.csproj", "{88676AC1-3532-4D57-8F58-80652D43C468}"
EndProject
Global
	GlobalSection(SolutionConfigurationPlatforms) = preSolution
		Debug|Any CPU = Debug|Any CPU
		Release|Any CPU = Release|Any CPU
	EndGlobalSection
	GlobalSection(ProjectConfigurationPlatforms) = postSolution
		{0058E4C4-7030-4375-B231-706475979DF9}.Debug|Any CPU.ActiveCfg = Debug|Any CPU
		{0058E4C4-7030-4375-B231-706475979DF9}.Debug|Any CPU.Build.0 = Debug|Any CPU
		{0058E4C4-7030-4375-B231-706475979DF9}.Release|Any CPU.ActiveCfg = Release|Any CPU
		{0058E4C4-7030-4375-B231-706475979DF9}.Release|Any CPU.Build.0 = Release|Any CPU
		{88676AC1-3532-4D57-8F58-80652D43C468}.Debug|Any CPU.ActiveCfg = Debug|Any CPU
		{88676AC1-3532-4D57-8F58-80652D43C468}.Debug|Any CPU.Build.0 = Debug|Any CPU
		{88676AC1-3532-4D57-8F58-80652D43C468}.Release|Any CPU.ActiveCfg = Release|Any CPU
		{88676AC1-3532-4D57-8F58-80652D43C468}.Release|Any CPU.Build.0 = Release|Any CPU
	EndGlobalSection
	GlobalSection(SolutionProperties) = preSolution
		HideSolutionNode = FALSE
	EndGlobalSection
	GlobalSection(ExtensibilityGlobals) = postSolution
		SolutionGuid = {9B36FC63-241B-4C0F-8CB7-B575A7BB8CA1}
	EndGlobalSection
EndGlobal
